// !$*UTF8*$!
{
	archiveVersion = 1;
	classes = {
	};
	objectVersion = 52;
	objects = {

/* Begin PBXBuildFile section */
		3C196695268045B300F9F9B7 /* AppDelegate.swift in Sources */ = {isa = PBXBuildFile; fileRef = 3C196694268045B300F9F9B7 /* AppDelegate.swift */; };
		3C196697268045B300F9F9B7 /* SceneDelegate.swift in Sources */ = {isa = PBXBuildFile; fileRef = 3C196696268045B300F9F9B7 /* SceneDelegate.swift */; };
		3C196699268045B300F9F9B7 /* ViewController.swift in Sources */ = {isa = PBXBuildFile; fileRef = 3C196698268045B300F9F9B7 /* ViewController.swift */; };
		3C19669C268045B300F9F9B7 /* Main.storyboard in Resources */ = {isa = PBXBuildFile; fileRef = 3C19669A268045B300F9F9B7 /* Main.storyboard */; };
		3C19669E268045B500F9F9B7 /* Assets.xcassets in Resources */ = {isa = PBXBuildFile; fileRef = 3C19669D268045B500F9F9B7 /* Assets.xcassets */; };
		3C1966A1268045B500F9F9B7 /* LaunchScreen.storyboard in Resources */ = {isa = PBXBuildFile; fileRef = 3C19669F268045B500F9F9B7 /* LaunchScreen.storyboard */; };
		3C748BF22684D4EF003DD79E /* FlowLayout.swift in Sources */ = {isa = PBXBuildFile; fileRef = 3C748BF12684D4EF003DD79E /* FlowLayout.swift */; };
		3C8E7CB826C87E66000ABC48 /* LocalConsole in Frameworks */ = {isa = PBXBuildFile; productRef = 3C8E7CB726C87E66000ABC48 /* LocalConsole */; };
		3C8E7CBA26C88061000ABC48 /* Utilities.swift in Sources */ = {isa = PBXBuildFile; fileRef = 3C8E7CB926C88061000ABC48 /* Utilities.swift */; };
/* End PBXBuildFile section */

/* Begin PBXFileReference section */
		3C196691268045B300F9F9B7 /* AnimateBetweenCollectionLayouts.app */ = {isa = PBXFileReference; explicitFileType = wrapper.application; includeInIndex = 0; path = AnimateBetweenCollectionLayouts.app; sourceTree = BUILT_PRODUCTS_DIR; };
		3C196694268045B300F9F9B7 /* AppDelegate.swift */ = {isa = PBXFileReference; lastKnownFileType = sourcecode.swift; path = AppDelegate.swift; sourceTree = "<group>"; };
		3C196696268045B300F9F9B7 /* SceneDelegate.swift */ = {isa = PBXFileReference; lastKnownFileType = sourcecode.swift; path = SceneDelegate.swift; sourceTree = "<group>"; };
		3C196698268045B300F9F9B7 /* ViewController.swift */ = {isa = PBXFileReference; lastKnownFileType = sourcecode.swift; path = ViewController.swift; sourceTree = "<group>"; };
		3C19669B268045B300F9F9B7 /* Base */ = {isa = PBXFileReference; lastKnownFileType = file.storyboard; name = Base; path = Base.lproj/Main.storyboard; sourceTree = "<group>"; };
		3C19669D268045B500F9F9B7 /* Assets.xcassets */ = {isa = PBXFileReference; lastKnownFileType = folder.assetcatalog; path = Assets.xcassets; sourceTree = "<group>"; };
		3C1966A0268045B500F9F9B7 /* Base */ = {isa = PBXFileReference; lastKnownFileType = file.storyboard; name = Base; path = Base.lproj/LaunchScreen.storyboard; sourceTree = "<group>"; };
		3C1966A2268045B500F9F9B7 /* Info.plist */ = {isa = PBXFileReference; lastKnownFileType = text.plist.xml; path = Info.plist; sourceTree = "<group>"; };
		3C748BF12684D4EF003DD79E /* FlowLayout.swift */ = {isa = PBXFileReference; lastKnownFileType = sourcecode.swift; path = FlowLayout.swift; sourceTree = "<group>"; };
		3C8E7CB926C88061000ABC48 /* Utilities.swift */ = {isa = PBXFileReference; lastKnownFileType = sourcecode.swift; path = Utilities.swift; sourceTree = "<group>"; };
/* End PBXFileReference section */

/* Begin PBXFrameworksBuildPhase section */
		3C19668E268045B300F9F9B7 /* Frameworks */ = {
			isa = PBXFrameworksBuildPhase;
			buildActionMask = 2147483647;
			files = (
				3C8E7CB826C87E66000ABC48 /* LocalConsole in Frameworks */,
			);
			runOnlyForDeploymentPostprocessing = 0;
		};
/* End PBXFrameworksBuildPhase section */

/* Begin PBXGroup section */
		3C196688268045B300F9F9B7 = {
			isa = PBXGroup;
			children = (
				3C196693268045B300F9F9B7 /* AnimateBetweenCollectionLayouts */,
				3C196692268045B300F9F9B7 /* Products */,
			);
			sourceTree = "<group>";
		};
		3C196692268045B300F9F9B7 /* Products */ = {
			isa = PBXGroup;
			children = (
				3C196691268045B300F9F9B7 /* AnimateBetweenCollectionLayouts.app */,
			);
			name = Products;
			sourceTree = "<group>";
		};
		3C196693268045B300F9F9B7 /* AnimateBetweenCollectionLayouts */ = {
			isa = PBXGroup;
			children = (
				3C196694268045B300F9F9B7 /* AppDelegate.swift */,
				3C196696268045B300F9F9B7 /* SceneDelegate.swift */,
				3C196698268045B300F9F9B7 /* ViewController.swift */,
				3C748BF12684D4EF003DD79E /* FlowLayout.swift */,
				3C8E7CB926C88061000ABC48 /* Utilities.swift */,
				3C19669A268045B300F9F9B7 /* Main.storyboard */,
				3C19669D268045B500F9F9B7 /* Assets.xcassets */,
				3C19669F268045B500F9F9B7 /* LaunchScreen.storyboard */,
				3C1966A2268045B500F9F9B7 /* Info.plist */,
			);
			path = AnimateBetweenCollectionLayouts;
			sourceTree = "<group>";
		};
/* End PBXGroup section */

/* Begin PBXNativeTarget section */
		3C196690268045B300F9F9B7 /* AnimateBetweenCollectionLayouts */ = {
			isa = PBXNativeTarget;
			buildConfigurationList = 3C1966A5268045B500F9F9B7 /* Build configuration list for PBXNativeTarget "AnimateBetweenCollectionLayouts" */;
			buildPhases = (
				3C19668D268045B300F9F9B7 /* Sources */,
				3C19668E268045B300F9F9B7 /* Frameworks */,
				3C19668F268045B300F9F9B7 /* Resources */,
			);
			buildRules = (
			);
			dependencies = (
			);
			name = AnimateBetweenCollectionLayouts;
			packageProductDependencies = (
				3C8E7CB726C87E66000ABC48 /* LocalConsole */,
			);
			productName = TransitioningCollectionLayout;
			productReference = 3C196691268045B300F9F9B7 /* AnimateBetweenCollectionLayouts.app */;
			productType = "com.apple.product-type.application";
		};
/* End PBXNativeTarget section */

/* Begin PBXProject section */
		3C196689268045B300F9F9B7 /* Project object */ = {
			isa = PBXProject;
			attributes = {
				LastSwiftUpdateCheck = 1250;
				LastUpgradeCheck = 1250;
				TargetAttributes = {
					3C196690268045B300F9F9B7 = {
						CreatedOnToolsVersion = 12.5;
					};
				};
			};
			buildConfigurationList = 3C19668C268045B300F9F9B7 /* Build configuration list for PBXProject "AnimateBetweenCollectionLayouts" */;
			compatibilityVersion = "Xcode 9.3";
			developmentRegion = en;
			hasScannedForEncodings = 0;
			knownRegions = (
				en,
				Base,
			);
			mainGroup = 3C196688268045B300F9F9B7;
			packageReferences = (
				3C8E7CB626C87E66000ABC48 /* XCRemoteSwiftPackageReference "LocalConsole" */,
			);
			productRefGroup = 3C196692268045B300F9F9B7 /* Products */;
			projectDirPath = "";
			projectRoot = "";
			targets = (
				3C196690268045B300F9F9B7 /* AnimateBetweenCollectionLayouts */,
			);
		};
/* End PBXProject section */

/* Begin PBXResourcesBuildPhase section */
		3C19668F268045B300F9F9B7 /* Resources */ = {
			isa = PBXResourcesBuildPhase;
			buildActionMask = 2147483647;
			files = (
				3C1966A1268045B500F9F9B7 /* LaunchScreen.storyboard in Resources */,
				3C19669E268045B500F9F9B7 /* Assets.xcassets in Resources */,
				3C19669C268045B300F9F9B7 /* Main.storyboard in Resources */,
			);
			runOnlyForDeploymentPostprocessing = 0;
		};
/* End PBXResourcesBuildPhase section */

/* Begin PBXSourcesBuildPhase section */
		3C19668D268045B300F9F9B7 /* Sources */ = {
			isa = PBXSourcesBuildPhase;
			buildActionMask = 2147483647;
			files = (
				3C196699268045B300F9F9B7 /* ViewController.swift in Sources */,
				3C748BF22684D4EF003DD79E /* FlowLayout.swift in Sources */,
				3C196695268045B300F9F9B7 /* AppDelegate.swift in Sources */,
				3C8E7CBA26C88061000ABC48 /* Utilities.swift in Sources */,
				3C196697268045B300F9F9B7 /* SceneDelegate.swift in Sources */,
			);
			runOnlyForDeploymentPostprocessing = 0;
		};
/* End PBXSourcesBuildPhase section */

/* Begin PBXVariantGroup section */
		3C19669A268045B300F9F9B7 /* Main.storyboard */ = {
			isa = PBXVariantGroup;
			children = (
				3C19669B268045B300F9F9B7 /* Base */,
			);
			name = Main.storyboard;
			sourceTree = "<group>";
		};
		3C19669F268045B500F9F9B7 /* LaunchScreen.storyboard */ = {
			isa = PBXVariantGroup;
			children = (
				3C1966A0268045B500F9F9B7 /* Base */,
			);
			name = LaunchScreen.storyboard;
			sourceTree = "<group>";
		};
/* End PBXVariantGroup section */

/* Begin XCBuildConfiguration section */
		3C1966A3268045B500F9F9B7 /* Debug */ = {
			isa = XCBuildConfiguration;
			buildSettings = {
				ALWAYS_SEARCH_USER_PATHS = NO;
				CLANG_ANALYZER_NONNULL = YES;
				CLANG_ANALYZER_NUMBER_OBJECT_CONVERSION = YES_AGGRESSIVE;
				CLANG_CXX_LANGUAGE_STANDARD = "gnu++14";
				CLANG_CXX_LIBRARY = "libc++";
				CLANG_ENABLE_MODULES = YES;
				CLANG_ENABLE_OBJC_ARC = YES;
				CLANG_ENABLE_OBJC_WEAK = YES;
				CLANG_WARN_BLOCK_CAPTURE_AUTORELEASING = YES;
				CLANG_WARN_BOOL_CONVERSION = YES;
				CLANG_WARN_COMMA = YES;
				CLANG_WARN_CONSTANT_CONVERSION = YES;
				CLANG_WARN_DEPRECATED_OBJC_IMPLEMENTATIONS = YES;
				CLANG_WARN_DIRECT_OBJC_ISA_USAGE = YES_ERROR;
				CLANG_WARN_DOCUMENTATION_COMMENTS = YES;
				CLANG_WARN_EMPTY_BODY = YES;
				CLANG_WARN_ENUM_CONVERSION = YES;
				CLANG_WARN_INFINITE_RECURSION = YES;
				CLANG_WARN_INT_CONVERSION = YES;
				CLANG_WARN_NON_LITERAL_NULL_CONVERSION = YES;
				CLANG_WARN_OBJC_IMPLICIT_RETAIN_SELF = YES;
				CLANG_WARN_OBJC_LITERAL_CONVERSION = YES;
				CLANG_WARN_OBJC_ROOT_CLASS = YES_ERROR;
				CLANG_WARN_QUOTED_INCLUDE_IN_FRAMEWORK_HEADER = YES;
				CLANG_WARN_RANGE_LOOP_ANALYSIS = YES;
				CLANG_WARN_STRICT_PROTOTYPES = YES;
				CLANG_WARN_SUSPICIOUS_MOVE = YES;
				CLANG_WARN_UNGUARDED_AVAILABILITY = YES_AGGRESSIVE;
				CLANG_WARN_UNREACHABLE_CODE = YES;
				CLANG_WARN__DUPLICATE_METHOD_MATCH = YES;
				COPY_PHASE_STRIP = NO;
				DEBUG_INFORMATION_FORMAT = dwarf;
				ENABLE_STRICT_OBJC_MSGSEND = YES;
				ENABLE_TESTABILITY = YES;
				GCC_C_LANGUAGE_STANDARD = gnu11;
				GCC_DYNAMIC_NO_PIC = NO;
				GCC_NO_COMMON_BLOCKS = YES;
				GCC_OPTIMIZATION_LEVEL = 0;
				GCC_PREPROCESSOR_DEFINITIONS = (
					"DEBUG=1",
					"$(inherited)",
				);
				GCC_WARN_64_TO_32_BIT_CONVERSION = YES;
				GCC_WARN_ABOUT_RETURN_TYPE = YES_ERROR;
				GCC_WARN_UNDECLARED_SELECTOR = YES;
				GCC_WARN_UNINITIALIZED_AUTOS = YES_AGGRESSIVE;
				GCC_WARN_UNUSED_FUNCTION = YES;
				GCC_WARN_UNUSED_VARIABLE = YES;
				IPHONEOS_DEPLOYMENT_TARGET = 14.5;
				MTL_ENABLE_DEBUG_INFO = INCLUDE_SOURCE;
				MTL_FAST_MATH = YES;
				ONLY_ACTIVE_ARCH = YES;
				SDKROOT = iphoneos;
				SWIFT_ACTIVE_COMPILATION_CONDITIONS = DEBUG;
				SWIFT_OPTIMIZATION_LEVEL = "-Onone";
			};
			name = Debug;
		};
		3C1966A4268045B500F9F9B7 /* Release */ = {
			isa = XCBuildConfiguration;
			buildSettings = {
				ALWAYS_SEARCH_USER_PATHS = NO;
				CLANG_ANALYZER_NONNULL = YES;
				CLANG_ANALYZER_NUMBER_OBJECT_CONVERSION = YES_AGGRESSIVE;
				CLANG_CXX_LANGUAGE_STANDARD = "gnu++14";
				CLANG_CXX_LIBRARY = "libc++";
				CLANG_ENABLE_MODULES = YES;
				CLANG_ENABLE_OBJC_ARC = YES;
				CLANG_ENABLE_OBJC_WEAK = YES;
				CLANG_WARN_BLOCK_CAPTURE_AUTORELEASING = YES;
				CLANG_WARN_BOOL_CONVERSION = YES;
				CLANG_WARN_COMMA = YES;
				CLANG_WARN_CONSTANT_CONVERSION = YES;
				CLANG_WARN_DEPRECATED_OBJC_IMPLEMENTATIONS = YES;
				CLANG_WARN_DIRECT_OBJC_ISA_USAGE = YES_ERROR;
				CLANG_WARN_DOCUMENTATION_COMMENTS = YES;
				CLANG_WARN_EMPTY_BODY = YES;
				CLANG_WARN_ENUM_CONVERSION = YES;
				CLANG_WARN_INFINITE_RECURSION = YES;
				CLANG_WARN_INT_CONVERSION = YES;
				CLANG_WARN_NON_LITERAL_NULL_CONVERSION = YES;
				CLANG_WARN_OBJC_IMPLICIT_RETAIN_SELF = YES;
				CLANG_WARN_OBJC_LITERAL_CONVERSION = YES;
				CLANG_WARN_OBJC_ROOT_CLASS = YES_ERROR;
				CLANG_WARN_QUOTED_INCLUDE_IN_FRAMEWORK_HEADER = YES;
				CLANG_WARN_RANGE_LOOP_ANALYSIS = YES;
				CLANG_WARN_STRICT_PROTOTYPES = YES;
				CLANG_WARN_SUSPICIOUS_MOVE = YES;
				CLANG_WARN_UNGUARDED_AVAILABILITY = YES_AGGRESSIVE;
				CLANG_WARN_UNREACHABLE_CODE = YES;
				CLANG_WARN__DUPLICATE_METHOD_MATCH = YES;
				COPY_PHASE_STRIP = NO;
				DEBUG_INFORMATION_FORMAT = "dwarf-with-dsym";
				ENABLE_NS_ASSERTIONS = NO;
				ENABLE_STRICT_OBJC_MSGSEND = YES;
				GCC_C_LANGUAGE_STANDARD = gnu11;
				GCC_NO_COMMON_BLOCKS = YES;
				GCC_WARN_64_TO_32_BIT_CONVERSION = YES;
				GCC_WARN_ABOUT_RETURN_TYPE = YES_ERROR;
				GCC_WARN_UNDECLARED_SELECTOR = YES;
				GCC_WARN_UNINITIALIZED_AUTOS = YES_AGGRESSIVE;
				GCC_WARN_UNUSED_FUNCTION = YES;
				GCC_WARN_UNUSED_VARIABLE = YES;
				IPHONEOS_DEPLOYMENT_TARGET = 14.5;
				MTL_ENABLE_DEBUG_INFO = NO;
				MTL_FAST_MATH = YES;
				SDKROOT = iphoneos;
				SWIFT_COMPILATION_MODE = wholemodule;
				SWIFT_OPTIMIZATION_LEVEL = "-O";
				VALIDATE_PRODUCT = YES;
			};
			name = Release;
		};
		3C1966A6268045B500F9F9B7 /* Debug */ = {
			isa = XCBuildConfiguration;
			buildSettings = {
				ASSETCATALOG_COMPILER_APPICON_NAME = AppIcon;
				ASSETCATALOG_COMPILER_GLOBAL_ACCENT_COLOR_NAME = AccentColor;
				CODE_SIGN_STYLE = Automatic;
				DEVELOPMENT_TEAM = YA533DMD5J;
				INFOPLIST_FILE = AnimateBetweenCollectionLayouts/Info.plist;
				LD_RUNPATH_SEARCH_PATHS = (
					"$(inherited)",
					"@executable_path/Frameworks",
				);
				PRODUCT_BUNDLE_IDENTIFIER = com.aheze.AnimateBetweenCollectionLayouts;
				PRODUCT_NAME = "$(TARGET_NAME)";
				SWIFT_VERSION = 5.0;
				TARGETED_DEVICE_FAMILY = "1,2";
			};
			name = Debug;
		};
		3C1966A7268045B500F9F9B7 /* Release */ = {
			isa = XCBuildConfiguration;
			buildSettings = {
				ASSETCATALOG_COMPILER_APPICON_NAME = AppIcon;
				ASSETCATALOG_COMPILER_GLOBAL_ACCENT_COLOR_NAME = AccentColor;
				CODE_SIGN_STYLE = Automatic;
				DEVELOPMENT_TEAM = YA533DMD5J;
				INFOPLIST_FILE = AnimateBetweenCollectionLayouts/Info.plist;
				LD_RUNPATH_SEARCH_PATHS = (
					"$(inherited)",
					"@executable_path/Frameworks",
				);
				PRODUCT_BUNDLE_IDENTIFIER = com.aheze.AnimateBetweenCollectionLayouts;
				PRODUCT_NAME = "$(TARGET_NAME)";
				SWIFT_VERSION = 5.0;
				TARGETED_DEVICE_FAMILY = "1,2";
			};
			name = Release;
		};
/* End XCBuildConfiguration section */

/* Begin XCConfigurationList section */
		3C19668C268045B300F9F9B7 /* Build configuration list for PBXProject "AnimateBetweenCollectionLayouts" */ = {
			isa = XCConfigurationList;
			buildConfigurations = (
				3C1966A3268045B500F9F9B7 /* Debug */,
				3C1966A4268045B500F9F9B7 /* Release */,
			);
			defaultConfigurationIsVisible = 0;
			defaultConfigurationName = Release;
		};
		3C1966A5268045B500F9F9B7 /* Build configuration list for PBXNativeTarget "AnimateBetweenCollectionLayouts" */ = {
			isa = XCConfigurationList;
			buildConfigurations = (
				3C1966A6268045B500F9F9B7 /* Debug */,
				3C1966A7268045B500F9F9B7 /* Release */,
			);
			defaultConfigurationIsVisible = 0;
			defaultConfigurationName = Release;
		};
/* End XCConfigurationList section */

/* Begin XCRemoteSwiftPackageReference section */
		3C8E7CB626C87E66000ABC48 /* XCRemoteSwiftPackageReference "LocalConsole" */ = {
			isa = XCRemoteSwiftPackageReference;
			repositoryURL = "https://github.com/duraidabdul/LocalConsole/";
			requirement = {
				kind = upToNextMajorVersion;
				minimumVersion = 1.6.2;
			};
		};
/* End XCRemoteSwiftPackageReference section */

/* Begin XCSwiftPackageProductDependency section */
		3C8E7CB726C87E66000ABC48 /* LocalConsole */ = {
			isa = XCSwiftPackageProductDependency;
			package = 3C8E7CB626C87E66000ABC48 /* XCRemoteSwiftPackageReference "LocalConsole" */;
			productName = LocalConsole;
		};
/* End XCSwiftPackageProductDependency section */
	};
	rootObject = 3C196689268045B300F9F9B7 /* Project object */;
}
